
Microsoft Visual Studio Solution File, Format Version 12.00
# Visual Studio Version 17
VisualStudioVersion = 17.14.36121.58
MinimumVisualStudioVersion = 10.0.40219.1
Project("{FAE04EC0-301F-11D3-BF4B-00C04F79EFBC}") = "ClutchPick", "ClutchPick\ClutchPick.csproj", "{412E8572-8161-4E12-B69B-8A769557EADF}"
EndProject
Global
	GlobalSection(SolutionConfigurationPlatforms) = preSolution
		Debug|Any CPU = Debug|Any CPU
		Release|Any CPU = Release|Any CPU
	EndGlobalSection
	GlobalSection(ProjectConfigurationPlatforms) = postSolution
		{412E8572-8161-4E12-B69B-8A769557EADF}.Debug|Any CPU.ActiveCfg = Debug|Any CPU
		{412E8572-8161-4E12-B69B-8A769557EADF}.Debug|Any CPU.Build.0 = Debug|Any CPU
		{412E8572-8161-4E12-B69B-8A769557EADF}.Release|Any CPU.ActiveCfg = Release|Any CPU
		{412E8572-8161-4E12-B69B-8A769557EADF}.Release|Any CPU.Build.0 = Release|Any CPU
	EndGlobalSection
	GlobalSection(SolutionProperties) = preSolution
		HideSolutionNode = FALSE
	EndGlobalSection
	GlobalSection(ExtensibilityGlobals) = postSolution
		SolutionGuid = {325660E7-B7DA-4E0C-B84F-7DAD9E34CF5D}
	EndGlobalSection
EndGlobal
